
Microsoft Visual Studio Solution File, Format Version 12.00
# Visual Studio Version 17
VisualStudioVersion = 17.9.34622.214
MinimumVisualStudioVersion = 10.0.40219.1
Project("{FAE04EC0-301F-11D3-BF4B-00C04F79EFBC}") = "API", "API.csproj", "{558541DF-56AF-4468-BA29-2222E3B6E74D}"
EndProject
Global
	GlobalSection(SolutionConfigurationPlatforms) = preSolution
		Debug|Any CPU = Debug|Any CPU
		Release|Any CPU = Release|Any CPU
	EndGlobalSection
	GlobalSection(ProjectConfigurationPlatforms) = postSolution
		{558541DF-56AF-4468-BA29-2222E3B6E74D}.Debug|Any CPU.ActiveCfg = Debug|Any CPU
		{558541DF-56AF-4468-BA29-2222E3B6E74D}.Debug|Any CPU.Build.0 = Debug|Any CPU
		{558541DF-56AF-4468-BA29-2222E3B6E74D}.Release|Any CPU.ActiveCfg = Release|Any CPU
		{558541DF-56AF-4468-BA29-2222E3B6E74D}.Release|Any CPU.Build.0 = Release|Any CPU
	EndGlobalSection
	GlobalSection(SolutionProperties) = preSolution
		HideSolutionNode = FALSE
	EndGlobalSection
	GlobalSection(ExtensibilityGlobals) = postSolution
		SolutionGuid = {BC2C28D0-AC76-42B9-AA8D-678C22C571CB}
	EndGlobalSection
EndGlobal
